
Microsoft Visual Studio Solution File, Format Version 12.00
# Visual Studio 2012
Project("{8BC9CEB8-8B4A-11D0-8D11-00A0C91BC942}") = "ML_final", "ML_final\ML_final.vcxproj", "{DF4AA53B-4730-4123-80CF-CC02F7C9A008}"
EndProject
Global
	GlobalSection(SolutionConfigurationPlatforms) = preSolution
		Debug|Win32 = Debug|Win32
		Debug|x64 = Debug|x64
		Release|Win32 = Release|Win32
		Release|x64 = Release|x64
	EndGlobalSection
	GlobalSection(ProjectConfigurationPlatforms) = postSolution
		{DF4AA53B-4730-4123-80CF-CC02F7C9A008}.Debug|Win32.ActiveCfg = Debug|Win32
		{DF4AA53B-4730-4123-80CF-CC02F7C9A008}.Debug|Win32.Build.0 = Debug|Win32
		{DF4AA53B-4730-4123-80CF-CC02F7C9A008}.Debug|x64.ActiveCfg = Release|x64
		{DF4AA53B-4730-4123-80CF-CC02F7C9A008}.Debug|x64.Build.0 = Release|x64
		{DF4AA53B-4730-4123-80CF-CC02F7C9A008}.Release|Win32.ActiveCfg = Release|Win32
		{DF4AA53B-4730-4123-80CF-CC02F7C9A008}.Release|Win32.Build.0 = Release|Win32
		{DF4AA53B-4730-4123-80CF-CC02F7C9A008}.Release|x64.ActiveCfg = Release|x64
		{DF4AA53B-4730-4123-80CF-CC02F7C9A008}.Release|x64.Build.0 = Release|x64
	EndGlobalSection
	GlobalSection(SolutionProperties) = preSolution
		HideSolutionNode = FALSE
	EndGlobalSection
EndGlobal
